// !$*UTF8*$!
{
	archiveVersion = 1;
	classes = {
	};
	objectVersion = 46;
	objects = {

/* Begin PBXBuildFile section */
		181C885E18046041001E08A8 /* FlashRuntimeExtensions.h in Headers */ = {isa = PBXBuildFile; fileRef = 181C885D18046041001E08A8 /* FlashRuntimeExtensions.h */; };
		182015F31D6A74C800F3D21C /* FW_exception.cpp in Sources */ = {isa = PBXBuildFile; fileRef = 182015ED1D6A74C800F3D21C /* FW_exception.cpp */; };
		182015F41D6A74C800F3D21C /* FW_exception.h in Headers */ = {isa = PBXBuildFile; fileRef = 182015EE1D6A74C800F3D21C /* FW_exception.h */; };
		182015F51D6A74C800F3D21C /* FWSound.cpp in Sources */ = {isa = PBXBuildFile; fileRef = 182015EF1D6A74C800F3D21C /* FWSound.cpp */; };
		182015F61D6A74C800F3D21C /* FWSound.h in Headers */ = {isa = PBXBuildFile; fileRef = 182015F01D6A74C800F3D21C /* FWSound.h */; };
		182015F71D6A74C800F3D21C /* FWSoundMixer.cpp in Sources */ = {isa = PBXBuildFile; fileRef = 182015F11D6A74C800F3D21C /* FWSoundMixer.cpp */; };
		182015F81D6A74C800F3D21C /* FWSoundMixer.h in Headers */ = {isa = PBXBuildFile; fileRef = 182015F21D6A74C800F3D21C /* FWSoundMixer.h */; };
		1824CF1E18040DEC00D6A6CF /* Foundation.framework in Frameworks */ = {isa = PBXBuildFile; fileRef = 1824CF1D18040DEC00D6A6CF /* Foundation.framework */; };
		187838B9188C4DC300066EC1 /* ANEWrapper.h in Headers */ = {isa = PBXBuildFile; fileRef = 187838B8188C4DC200066EC1 /* ANEWrapper.h */; };
		18A27F6C18EC6F11000C61C1 /* CoreVideo.framework in Frameworks */ = {isa = PBXBuildFile; fileRef = 18A27F6B18EC6F11000C61C1 /* CoreVideo.framework */; };
		18A27F6F18EC6F79000C61C1 /* CoreMedia.framework in Frameworks */ = {isa = PBXBuildFile; fileRef = 18A27F6E18EC6F79000C61C1 /* CoreMedia.framework */; };
		18A27F7418EC7197000C61C1 /* AVFoundation.framework in Frameworks */ = {isa = PBXBuildFile; fileRef = 18A27F7318EC7197000C61C1 /* AVFoundation.framework */; };
		18DF50F2188C236100EECC6A /* ANEWrapper.m in Sources */ = {isa = PBXBuildFile; fileRef = 18DF50F1188C236100EECC6A /* ANEWrapper.m */; };
/* End PBXBuildFile section */

/* Begin PBXFileReference section */
		181C885D18046041001E08A8 /* FlashRuntimeExtensions.h */ = {isa = PBXFileReference; fileEncoding = 4; lastKnownFileType = sourcecode.c.h; path = FlashRuntimeExtensions.h; sourceTree = "<group>"; };
		182015ED1D6A74C800F3D21C /* FW_exception.cpp */ = {isa = PBXFileReference; fileEncoding = 4; lastKnownFileType = sourcecode.cpp.cpp; name = FW_exception.cpp; path = ../../../common/FW_exception.cpp; sourceTree = "<group>"; };
		182015EE1D6A74C800F3D21C /* FW_exception.h */ = {isa = PBXFileReference; fileEncoding = 4; lastKnownFileType = sourcecode.c.h; name = FW_exception.h; path = ../../../common/FW_exception.h; sourceTree = "<group>"; };
		182015EF1D6A74C800F3D21C /* FWSound.cpp */ = {isa = PBXFileReference; fileEncoding = 4; lastKnownFileType = sourcecode.cpp.cpp; name = FWSound.cpp; path = ../../../common/FWSound.cpp; sourceTree = "<group>"; };
		182015F01D6A74C800F3D21C /* FWSound.h */ = {isa = PBXFileReference; fileEncoding = 4; lastKnownFileType = sourcecode.c.h; name = FWSound.h; path = ../../../common/FWSound.h; sourceTree = "<group>"; };
		182015F11D6A74C800F3D21C /* FWSoundMixer.cpp */ = {isa = PBXFileReference; fileEncoding = 4; lastKnownFileType = sourcecode.cpp.cpp; name = FWSoundMixer.cpp; path = ../../../common/FWSoundMixer.cpp; sourceTree = "<group>"; };
		182015F21D6A74C800F3D21C /* FWSoundMixer.h */ = {isa = PBXFileReference; fileEncoding = 4; lastKnownFileType = sourcecode.c.h; name = FWSoundMixer.h; path = ../../../common/FWSoundMixer.h; sourceTree = "<group>"; };
		1824CF1A18040DEC00D6A6CF /* libencoderiOSANE.a */ = {isa = PBXFileReference; explicitFileType = archive.ar; includeInIndex = 0; path = libencoderiOSANE.a; sourceTree = BUILT_PRODUCTS_DIR; };
		1824CF1D18040DEC00D6A6CF /* Foundation.framework */ = {isa = PBXFileReference; lastKnownFileType = wrapper.framework; name = Foundation.framework; path = System/Library/Frameworks/Foundation.framework; sourceTree = SDKROOT; };
		187838B8188C4DC200066EC1 /* ANEWrapper.h */ = {isa = PBXFileReference; fileEncoding = 4; lastKnownFileType = sourcecode.c.h; path = ANEWrapper.h; sourceTree = "<group>"; };
		18A27F6B18EC6F11000C61C1 /* CoreVideo.framework */ = {isa = PBXFileReference; lastKnownFileType = wrapper.framework; name = CoreVideo.framework; path = System/Library/Frameworks/CoreVideo.framework; sourceTree = SDKROOT; };
		18A27F6E18EC6F79000C61C1 /* CoreMedia.framework */ = {isa = PBXFileReference; lastKnownFileType = wrapper.framework; name = CoreMedia.framework; path = System/Library/Frameworks/CoreMedia.framework; sourceTree = SDKROOT; };
		18A27F7318EC7197000C61C1 /* AVFoundation.framework */ = {isa = PBXFileReference; lastKnownFileType = wrapper.framework; name = AVFoundation.framework; path = System/Library/Frameworks/AVFoundation.framework; sourceTree = SDKROOT; };
		18DF50F1188C236100EECC6A /* ANEWrapper.m */ = {isa = PBXFileReference; fileEncoding = 4; lastKnownFileType = sourcecode.c.objc; path = ANEWrapper.m; sourceTree = "<group>"; };
		18E36F4519CB38AF005D30A1 /* UIKit.framework */ = {isa = PBXFileReference; lastKnownFileType = wrapper.framework; name = UIKit.framework; path = System/Library/Frameworks/UIKit.framework; sourceTree = SDKROOT; };
/* End PBXFileReference section */

/* Begin PBXFrameworksBuildPhase section */
		1824CF1718040DEC00D6A6CF /* Frameworks */ = {
			isa = PBXFrameworksBuildPhase;
			buildActionMask = 2147483647;
			files = (
				18A27F7418EC7197000C61C1 /* AVFoundation.framework in Frameworks */,
				18A27F6F18EC6F79000C61C1 /* CoreMedia.framework in Frameworks */,
				18A27F6C18EC6F11000C61C1 /* CoreVideo.framework in Frameworks */,
				1824CF1E18040DEC00D6A6CF /* Foundation.framework in Frameworks */,
			);
			runOnlyForDeploymentPostprocessing = 0;
		};
/* End PBXFrameworksBuildPhase section */

/* Begin PBXGroup section */
		1824CF0F18040DEC00D6A6CF = {
			isa = PBXGroup;
			children = (
				1824CF1F18040DEC00D6A6CF /* FWSoundMixer */,
				1824CF1C18040DEC00D6A6CF /* Frameworks */,
				1824CF1B18040DEC00D6A6CF /* Products */,
			);
			sourceTree = "<group>";
		};
		1824CF1B18040DEC00D6A6CF /* Products */ = {
			isa = PBXGroup;
			children = (
				1824CF1A18040DEC00D6A6CF /* libencoderiOSANE.a */,
			);
			name = Products;
			sourceTree = "<group>";
		};
		1824CF1C18040DEC00D6A6CF /* Frameworks */ = {
			isa = PBXGroup;
			children = (
				18E36F4519CB38AF005D30A1 /* UIKit.framework */,
				18A27F7318EC7197000C61C1 /* AVFoundation.framework */,
				18A27F6E18EC6F79000C61C1 /* CoreMedia.framework */,
				18A27F6B18EC6F11000C61C1 /* CoreVideo.framework */,
				1824CF1D18040DEC00D6A6CF /* Foundation.framework */,
			);
			name = Frameworks;
			sourceTree = "<group>";
		};
		1824CF1F18040DEC00D6A6CF /* FWSoundMixer */ = {
			isa = PBXGroup;
			children = (
				182015ED1D6A74C800F3D21C /* FW_exception.cpp */,
				182015EE1D6A74C800F3D21C /* FW_exception.h */,
				182015EF1D6A74C800F3D21C /* FWSound.cpp */,
				182015F01D6A74C800F3D21C /* FWSound.h */,
				182015F11D6A74C800F3D21C /* FWSoundMixer.cpp */,
				182015F21D6A74C800F3D21C /* FWSoundMixer.h */,
				18DF50F1188C236100EECC6A /* ANEWrapper.m */,
				187838B8188C4DC200066EC1 /* ANEWrapper.h */,
				181C885D18046041001E08A8 /* FlashRuntimeExtensions.h */,
				1824CF2018040DEC00D6A6CF /* Supporting Files */,
			);
			name = FWSoundMixer;
			path = ANEGeneric;
			sourceTree = "<group>";
		};
		1824CF2018040DEC00D6A6CF /* Supporting Files */ = {
			isa = PBXGroup;
			children = (
			);
			name = "Supporting Files";
			sourceTree = "<group>";
		};
/* End PBXGroup section */

/* Begin PBXHeadersBuildPhase section */
		1824CF1818040DEC00D6A6CF /* Headers */ = {
			isa = PBXHeadersBuildPhase;
			buildActionMask = 2147483647;
			files = (
				181C885E18046041001E08A8 /* FlashRuntimeExtensions.h in Headers */,
				182015F61D6A74C800F3D21C /* FWSound.h in Headers */,
				182015F41D6A74C800F3D21C /* FW_exception.h in Headers */,
				187838B9188C4DC300066EC1 /* ANEWrapper.h in Headers */,
				182015F81D6A74C800F3D21C /* FWSoundMixer.h in Headers */,
			);
			runOnlyForDeploymentPostprocessing = 0;
		};
/* End PBXHeadersBuildPhase section */

/* Begin PBXNativeTarget section */
		1824CF1918040DEC00D6A6CF /* FWSoundMixer */ = {
			isa = PBXNativeTarget;
			buildConfigurationList = 1824CF2718040DED00D6A6CF /* Build configuration list for PBXNativeTarget "FWSoundMixer" */;
			buildPhases = (
				1824CF1618040DEC00D6A6CF /* Sources */,
				1824CF1718040DEC00D6A6CF /* Frameworks */,
				1824CF1818040DEC00D6A6CF /* Headers */,
			);
			buildRules = (
			);
			dependencies = (
			);
			name = FWSoundMixer;
			productName = ANEGeneric;
			productReference = 1824CF1A18040DEC00D6A6CF /* libencoderiOSANE.a */;
			productType = "com.apple.product-type.library.static";
		};
/* End PBXNativeTarget section */

/* Begin PBXProject section */
		1824CF1118040DEC00D6A6CF /* Project object */ = {
			isa = PBXProject;
			attributes = {
				LastUpgradeCheck = 0420;
				ORGANIZATIONNAME = apple;
			};
			buildConfigurationList = 1824CF1418040DEC00D6A6CF /* Build configuration list for PBXProject "FWSoundMixer" */;
			compatibilityVersion = "Xcode 3.2";
			developmentRegion = English;
			hasScannedForEncodings = 0;
			knownRegions = (
				en,
			);
			mainGroup = 1824CF0F18040DEC00D6A6CF;
			productRefGroup = 1824CF1B18040DEC00D6A6CF /* Products */;
			projectDirPath = "";
			projectRoot = "";
			targets = (
				1824CF1918040DEC00D6A6CF /* FWSoundMixer */,
			);
		};
/* End PBXProject section */

/* Begin PBXSourcesBuildPhase section */
		1824CF1618040DEC00D6A6CF /* Sources */ = {
			isa = PBXSourcesBuildPhase;
			buildActionMask = 2147483647;
			files = (
				18DF50F2188C236100EECC6A /* ANEWrapper.m in Sources */,
				182015F71D6A74C800F3D21C /* FWSoundMixer.cpp in Sources */,
				182015F31D6A74C800F3D21C /* FW_exception.cpp in Sources */,
				182015F51D6A74C800F3D21C /* FWSound.cpp in Sources */,
			);
			runOnlyForDeploymentPostprocessing = 0;
		};
/* End PBXSourcesBuildPhase section */

/* Begin XCBuildConfiguration section */
		1824CF2518040DED00D6A6CF /* Debug */ = {
			isa = XCBuildConfiguration;
			buildSettings = {
				ALWAYS_SEARCH_USER_PATHS = NO;
				ARCHS = "$(ARCHS_STANDARD)";
				CLANG_ENABLE_OBJC_ARC = YES;
				COPY_PHASE_STRIP = NO;
				GCC_C_LANGUAGE_STANDARD = gnu99;
				GCC_DYNAMIC_NO_PIC = NO;
				GCC_OPTIMIZATION_LEVEL = 0;
				GCC_PREPROCESSOR_DEFINITIONS = (
					"DEBUG=1",
					"$(inherited)",
				);
				GCC_SYMBOLS_PRIVATE_EXTERN = NO;
				GCC_VERSION = com.apple.compilers.llvm.clang.1_0;
				GCC_WARN_ABOUT_MISSING_PROTOTYPES = YES;
				GCC_WARN_ABOUT_RETURN_TYPE = YES;
				GCC_WARN_UNUSED_VARIABLE = YES;
				IPHONEOS_DEPLOYMENT_TARGET = 5.1;
				ONLY_ACTIVE_ARCH = NO;
				SDKROOT = iphoneos;
				TARGETED_DEVICE_FAMILY = "1,2";
				VALID_ARCHS = "armv7 arm64";
			};
			name = Debug;
		};
		1824CF2618040DED00D6A6CF /* Release */ = {
			isa = XCBuildConfiguration;
			buildSettings = {
				ALWAYS_SEARCH_USER_PATHS = NO;
				ARCHS = "$(ARCHS_STANDARD)";
				CLANG_ENABLE_OBJC_ARC = YES;
				COPY_PHASE_STRIP = YES;
				GCC_C_LANGUAGE_STANDARD = gnu99;
				GCC_VERSION = com.apple.compilers.llvm.clang.1_0;
				GCC_WARN_ABOUT_MISSING_PROTOTYPES = YES;
				GCC_WARN_ABOUT_RETURN_TYPE = YES;
				GCC_WARN_UNUSED_VARIABLE = YES;
				IPHONEOS_DEPLOYMENT_TARGET = 5.1;
				ONLY_ACTIVE_ARCH = NO;
				SDKROOT = iphoneos;
				TARGETED_DEVICE_FAMILY = "1,2";
				VALIDATE_PRODUCT = YES;
				VALID_ARCHS = "armv7 arm64";
			};
			name = Release;
		};
		1824CF2818040DED00D6A6CF /* Debug */ = {
			isa = XCBuildConfiguration;
			buildSettings = {
				ARCHS = "$(ARCHS_STANDARD)";
				CLANG_ENABLE_OBJC_ARC = NO;
				CONFIGURATION_BUILD_DIR = ../Debug;
				DSTROOT = /tmp/ANEGeneric.dst;
				GCC_INPUT_FILETYPE = sourcecode.cpp.objcpp;
				GCC_PRECOMPILE_PREFIX_HEADER = YES;
				GCC_PREFIX_HEADER = "ANEGeneric/FWSoundMixer-Prefix.pch";
				GCC_PREPROCESSOR_DEFINITIONS = (
					BOOST_ALL_NO_LIB,
					"DEBUG=1",
					"$(inherited)",
				);
				"GCC_PREPROCESSOR_DEFINITIONS[arch=*]" = (
					BOOST_ALL_NO_LIB,
					"DEBUG=1",
					"$(inherited)",
				);
				HEADER_SEARCH_PATHS = "";
				ONLY_ACTIVE_ARCH = NO;
				OTHER_LDFLAGS = "-ObjC";
				PRODUCT_NAME = FWSoundMixerANE;
				SDKROOT = iphoneos;
				SKIP_INSTALL = YES;
				VALID_ARCHS = "armv7 arm64";
			};
			name = Debug;
		};
		1824CF2918040DED00D6A6CF /* Release */ = {
			isa = XCBuildConfiguration;
			buildSettings = {
				ARCHS = "$(ARCHS_STANDARD)";
				CLANG_ENABLE_OBJC_ARC = NO;
				CONFIGURATION_BUILD_DIR = ../Release;
				DSTROOT = /tmp/ANEGeneric.dst;
				GCC_INPUT_FILETYPE = sourcecode.cpp.objcpp;
				GCC_PRECOMPILE_PREFIX_HEADER = YES;
				GCC_PREFIX_HEADER = "ANEGeneric/FWSoundMixer-Prefix.pch";
				GCC_PREPROCESSOR_DEFINITIONS = "";
				HEADER_SEARCH_PATHS = "";
				ONLY_ACTIVE_ARCH = NO;
				OTHER_LDFLAGS = "-ObjC";
				PRODUCT_NAME = FWSoundMixerANE;
				SDKROOT = iphoneos;
				SKIP_INSTALL = YES;
				VALID_ARCHS = "armv7 arm64";
			};
			name = Release;
		};
/* End XCBuildConfiguration section */

/* Begin XCConfigurationList section */
		1824CF1418040DEC00D6A6CF /* Build configuration list for PBXProject "FWSoundMixer" */ = {
			isa = XCConfigurationList;
			buildConfigurations = (
				1824CF2518040DED00D6A6CF /* Debug */,
				1824CF2618040DED00D6A6CF /* Release */,
			);
			defaultConfigurationIsVisible = 0;
			defaultConfigurationName = Release;
		};
		1824CF2718040DED00D6A6CF /* Build configuration list for PBXNativeTarget "FWSoundMixer" */ = {
			isa = XCConfigurationList;
			buildConfigurations = (
				1824CF2818040DED00D6A6CF /* Debug */,
				1824CF2918040DED00D6A6CF /* Release */,
			);
			defaultConfigurationIsVisible = 0;
			defaultConfigurationName = Release;
		};
/* End XCConfigurationList section */
	};
	rootObject = 1824CF1118040DEC00D6A6CF /* Project object */;
}
